Microsoft Visual Studio Solution File, Format Version 12.00
# Visual Studio Version 17
VisualStudioVersion = 17.5.2.0
MinimumVisualStudioVersion = 10.0.40219.1
Project("{FAE04EC0-301F-11D3-BF4B-00C04F79EFBC}") = "TSManager", "TSManager.csproj", "{A9431EC4-303D-A523-9EA6-73B8C120C3EE}"
EndProject
Global
	GlobalSection(SolutionConfigurationPlatforms) = preSolution
		Debug|Any CPU = Debug|Any CPU
		Release|Any CPU = Release|Any CPU
	EndGlobalSection
	GlobalSection(ProjectConfigurationPlatforms) = postSolution
		{A9431EC4-303D-A523-9EA6-73B8C120C3EE}.Debug|Any CPU.ActiveCfg = Debug|Any CPU
		{A9431EC4-303D-A523-9EA6-73B8C120C3EE}.Debug|Any CPU.Build.0 = Debug|Any CPU
		{A9431EC4-303D-A523-9EA6-73B8C120C3EE}.Release|Any CPU.ActiveCfg = Release|Any CPU
		{A9431EC4-303D-A523-9EA6-73B8C120C3EE}.Release|Any CPU.Build.0 = Release|Any CPU
	EndGlobalSection
	GlobalSection(SolutionProperties) = preSolution
		HideSolutionNode = FALSE
	EndGlobalSection
	GlobalSection(ExtensibilityGlobals) = postSolution
		SolutionGuid = {7E51A328-B239-449B-8980-41BE025F8325}
	EndGlobalSection
EndGlobal
